// !$*UTF8*$!
{
	archiveVersion = 1;
	classes = {
	};
	objectVersion = 56;
	objects = {

/* Begin PBXBuildFile section */
		DE78D67C2AF9F9990060DF3B /* AppDelegate.swift in Sources */ = {isa = PBXBuildFile; fileRef = DE78D67B2AF9F9990060DF3B /* AppDelegate.swift */; };
		DE78D67E2AF9F9990060DF3B /* SceneDelegate.swift in Sources */ = {isa = PBXBuildFile; fileRef = DE78D67D2AF9F9990060DF3B /* SceneDelegate.swift */; };
		DE78D6802AF9F9990060DF3B /* ViewController.swift in Sources */ = {isa = PBXBuildFile; fileRef = DE78D67F2AF9F9990060DF3B /* ViewController.swift */; };
		DE78D6852AF9F99A0060DF3B /* Assets.xcassets in Resources */ = {isa = PBXBuildFile; fileRef = DE78D6842AF9F99A0060DF3B /* Assets.xcassets */; };
		DE78D6882AF9F99A0060DF3B /* LaunchScreen.storyboard in Resources */ = {isa = PBXBuildFile; fileRef = DE78D6862AF9F99A0060DF3B /* LaunchScreen.storyboard */; };
		DE78D6922AF9FAC80060DF3B /* RxCocoa in Frameworks */ = {isa = PBXBuildFile; productRef = DE78D6912AF9FAC80060DF3B /* RxCocoa */; };
		DE78D6942AF9FAC80060DF3B /* RxSwift in Frameworks */ = {isa = PBXBuildFile; productRef = DE78D6932AF9FAC80060DF3B /* RxSwift */; };
		DE78D6972AF9FAF30060DF3B /* SnapKit in Frameworks */ = {isa = PBXBuildFile; productRef = DE78D6962AF9FAF30060DF3B /* SnapKit */; };
/* End PBXBuildFile section */

/* Begin PBXFileReference section */
		DE78D6782AF9F9990060DF3B /* AppStoreProject.app */ = {isa = PBXFileReference; explicitFileType = wrapper.application; includeInIndex = 0; path = AppStoreProject.app; sourceTree = BUILT_PRODUCTS_DIR; };
		DE78D67B2AF9F9990060DF3B /* AppDelegate.swift */ = {isa = PBXFileReference; lastKnownFileType = sourcecode.swift; path = AppDelegate.swift; sourceTree = "<group>"; };
		DE78D67D2AF9F9990060DF3B /* SceneDelegate.swift */ = {isa = PBXFileReference; lastKnownFileType = sourcecode.swift; path = SceneDelegate.swift; sourceTree = "<group>"; };
		DE78D67F2AF9F9990060DF3B /* ViewController.swift */ = {isa = PBXFileReference; lastKnownFileType = sourcecode.swift; path = ViewController.swift; sourceTree = "<group>"; };
		DE78D6842AF9F99A0060DF3B /* Assets.xcassets */ = {isa = PBXFileReference; lastKnownFileType = folder.assetcatalog; path = Assets.xcassets; sourceTree = "<group>"; };
		DE78D6872AF9F99A0060DF3B /* Base */ = {isa = PBXFileReference; lastKnownFileType = file.storyboard; name = Base; path = Base.lproj/LaunchScreen.storyboard; sourceTree = "<group>"; };
		DE78D6892AF9F99A0060DF3B /* Info.plist */ = {isa = PBXFileReference; lastKnownFileType = text.plist.xml; path = Info.plist; sourceTree = "<group>"; };
/* End PBXFileReference section */

/* Begin PBXFrameworksBuildPhase section */
		DE78D6752AF9F9990060DF3B /* Frameworks */ = {
			isa = PBXFrameworksBuildPhase;
			buildActionMask = 2147483647;
			files = (
				DE78D6972AF9FAF30060DF3B /* SnapKit in Frameworks */,
				DE78D6942AF9FAC80060DF3B /* RxSwift in Frameworks */,
				DE78D6922AF9FAC80060DF3B /* RxCocoa in Frameworks */,
			);
			runOnlyForDeploymentPostprocessing = 0;
		};
/* End PBXFrameworksBuildPhase section */

/* Begin PBXGroup section */
		DE78D66F2AF9F9990060DF3B = {
			isa = PBXGroup;
			children = (
				DE78D67A2AF9F9990060DF3B /* AppStoreProject */,
				DE78D6792AF9F9990060DF3B /* Products */,
			);
			sourceTree = "<group>";
		};
		DE78D6792AF9F9990060DF3B /* Products */ = {
			isa = PBXGroup;
			children = (
				DE78D6782AF9F9990060DF3B /* AppStoreProject.app */,
			);
			name = Products;
			sourceTree = "<group>";
		};
		DE78D67A2AF9F9990060DF3B /* AppStoreProject */ = {
			isa = PBXGroup;
			children = (
				DE78D68F2AF9FA730060DF3B /* Application */,
				DE78D69A2AF9FBD70060DF3B /* Resource */,
				DE78D6982AF9FB710060DF3B /* Network */,
				DE78D6992AF9FBA70060DF3B /* Scene */,
				DE78D67F2AF9F9990060DF3B /* ViewController.swift */,
				DE78D6892AF9F99A0060DF3B /* Info.plist */,
			);
			path = AppStoreProject;
			sourceTree = "<group>";
		};
		DE78D68F2AF9FA730060DF3B /* Application */ = {
			isa = PBXGroup;
			children = (
				DE78D67B2AF9F9990060DF3B /* AppDelegate.swift */,
				DE78D67D2AF9F9990060DF3B /* SceneDelegate.swift */,
			);
			path = Application;
			sourceTree = "<group>";
		};
		DE78D6982AF9FB710060DF3B /* Network */ = {
			isa = PBXGroup;
			children = (
			);
			path = Network;
			sourceTree = "<group>";
		};
		DE78D6992AF9FBA70060DF3B /* Scene */ = {
			isa = PBXGroup;
			children = (
			);
			path = Scene;
			sourceTree = "<group>";
		};
		DE78D69A2AF9FBD70060DF3B /* Resource */ = {
			isa = PBXGroup;
			children = (
				DE78D6842AF9F99A0060DF3B /* Assets.xcassets */,
				DE78D6862AF9F99A0060DF3B /* LaunchScreen.storyboard */,
			);
			path = Resource;
			sourceTree = "<group>";
		};
/* End PBXGroup section */

/* Begin PBXNativeTarget section */
		DE78D6772AF9F9990060DF3B /* AppStoreProject */ = {
			isa = PBXNativeTarget;
			buildConfigurationList = DE78D68C2AF9F99A0060DF3B /* Build configuration list for PBXNativeTarget "AppStoreProject" */;
			buildPhases = (
				DE78D6742AF9F9990060DF3B /* Sources */,
				DE78D6752AF9F9990060DF3B /* Frameworks */,
				DE78D6762AF9F9990060DF3B /* Resources */,
			);
			buildRules = (
			);
			dependencies = (
			);
			name = AppStoreProject;
			packageProductDependencies = (
				DE78D6912AF9FAC80060DF3B /* RxCocoa */,
				DE78D6932AF9FAC80060DF3B /* RxSwift */,
				DE78D6962AF9FAF30060DF3B /* SnapKit */,
			);
			productName = AppStoreProject;
			productReference = DE78D6782AF9F9990060DF3B /* AppStoreProject.app */;
			productType = "com.apple.product-type.application";
		};
/* End PBXNativeTarget section */

/* Begin PBXProject section */
		DE78D6702AF9F9990060DF3B /* Project object */ = {
			isa = PBXProject;
			attributes = {
				BuildIndependentTargetsInParallel = 1;
				LastSwiftUpdateCheck = 1500;
				LastUpgradeCheck = 1500;
				TargetAttributes = {
					DE78D6772AF9F9990060DF3B = {
						CreatedOnToolsVersion = 15.0.1;
					};
				};
			};
			buildConfigurationList = DE78D6732AF9F9990060DF3B /* Build configuration list for PBXProject "AppStoreProject" */;
			compatibilityVersion = "Xcode 14.0";
			developmentRegion = en;
			hasScannedForEncodings = 0;
			knownRegions = (
				en,
				Base,
			);
			mainGroup = DE78D66F2AF9F9990060DF3B;
			packageReferences = (
				DE78D6902AF9FAC80060DF3B /* XCRemoteSwiftPackageReference "RxSwift" */,
				DE78D6952AF9FAF30060DF3B /* XCRemoteSwiftPackageReference "SnapKit" */,
			);
			productRefGroup = DE78D6792AF9F9990060DF3B /* Products */;
			projectDirPath = "";
			projectRoot = "";
			targets = (
				DE78D6772AF9F9990060DF3B /* AppStoreProject */,
			);
		};
/* End PBXProject section */

/* Begin PBXResourcesBuildPhase section */
		DE78D6762AF9F9990060DF3B /* Resources */ = {
			isa = PBXResourcesBuildPhase;
			buildActionMask = 2147483647;
			files = (
				DE78D6882AF9F99A0060DF3B /* LaunchScreen.storyboard in Resources */,
				DE78D6852AF9F99A0060DF3B /* Assets.xcassets in Resources */,
			);
			runOnlyForDeploymentPostprocessing = 0;
		};
/* End PBXResourcesBuildPhase section */

/* Begin PBXSourcesBuildPhase section */
		DE78D6742AF9F9990060DF3B /* Sources */ = {
			isa = PBXSourcesBuildPhase;
			buildActionMask = 2147483647;
			files = (
				DE78D6802AF9F9990060DF3B /* ViewController.swift in Sources */,
				DE78D67C2AF9F9990060DF3B /* AppDelegate.swift in Sources */,
				DE78D67E2AF9F9990060DF3B /* SceneDelegate.swift in Sources */,
			);
			runOnlyForDeploymentPostprocessing = 0;
		};
/* End PBXSourcesBuildPhase section */

/* Begin PBXVariantGroup section */
		DE78D6862AF9F99A0060DF3B /* LaunchScreen.storyboard */ = {
			isa = PBXVariantGroup;
			children = (
				DE78D6872AF9F99A0060DF3B /* Base */,
			);
			name = LaunchScreen.storyboard;
			sourceTree = "<group>";
		};
/* End PBXVariantGroup section */

/* Begin XCBuildConfiguration section */
		DE78D68A2AF9F99A0060DF3B /* Debug */ = {
			isa = XCBuildConfiguration;
			buildSettings = {
				ALWAYS_SEARCH_USER_PATHS = NO;
				ASSETCATALOG_COMPILER_GENERATE_SWIFT_ASSET_SYMBOL_EXTENSIONS = YES;
				CLANG_ANALYZER_NONNULL = YES;
				CLANG_ANALYZER_NUMBER_OBJECT_CONVERSION = YES_AGGRESSIVE;
				CLANG_CXX_LANGUAGE_STANDARD = "gnu++20";
				CLANG_ENABLE_MODULES = YES;
				CLANG_ENABLE_OBJC_ARC = YES;
				CLANG_ENABLE_OBJC_WEAK = YES;
				CLANG_WARN_BLOCK_CAPTURE_AUTORELEASING = YES;
				CLANG_WARN_BOOL_CONVERSION = YES;
				CLANG_WARN_COMMA = YES;
				CLANG_WARN_CONSTANT_CONVERSION = YES;
				CLANG_WARN_DEPRECATED_OBJC_IMPLEMENTATIONS = YES;
				CLANG_WARN_DIRECT_OBJC_ISA_USAGE = YES_ERROR;
				CLANG_WARN_DOCUMENTATION_COMMENTS = YES;
				CLANG_WARN_EMPTY_BODY = YES;
				CLANG_WARN_ENUM_CONVERSION = YES;
				CLANG_WARN_INFINITE_RECURSION = YES;
				CLANG_WARN_INT_CONVERSION = YES;
				CLANG_WARN_NON_LITERAL_NULL_CONVERSION = YES;
				CLANG_WARN_OBJC_IMPLICIT_RETAIN_SELF = YES;
				CLANG_WARN_OBJC_LITERAL_CONVERSION = YES;
				CLANG_WARN_OBJC_ROOT_CLASS = YES_ERROR;
				CLANG_WARN_QUOTED_INCLUDE_IN_FRAMEWORK_HEADER = YES;
				CLANG_WARN_RANGE_LOOP_ANALYSIS = YES;
				CLANG_WARN_STRICT_PROTOTYPES = YES;
				CLANG_WARN_SUSPICIOUS_MOVE = YES;
				CLANG_WARN_UNGUARDED_AVAILABILITY = YES_AGGRESSIVE;
				CLANG_WARN_UNREACHABLE_CODE = YES;
				CLANG_WARN__DUPLICATE_METHOD_MATCH = YES;
				COPY_PHASE_STRIP = NO;
				DEBUG_INFORMATION_FORMAT = dwarf;
				ENABLE_STRICT_OBJC_MSGSEND = YES;
				ENABLE_TESTABILITY = YES;
				ENABLE_USER_SCRIPT_SANDBOXING = YES;
				GCC_C_LANGUAGE_STANDARD = gnu17;
				GCC_DYNAMIC_NO_PIC = NO;
				GCC_NO_COMMON_BLOCKS = YES;
				GCC_OPTIMIZATION_LEVEL = 0;
				GCC_PREPROCESSOR_DEFINITIONS = (
					"DEBUG=1",
					"$(inherited)",
				);
				GCC_WARN_64_TO_32_BIT_CONVERSION = YES;
				GCC_WARN_ABOUT_RETURN_TYPE = YES_ERROR;
				GCC_WARN_UNDECLARED_SELECTOR = YES;
				GCC_WARN_UNINITIALIZED_AUTOS = YES_AGGRESSIVE;
				GCC_WARN_UNUSED_FUNCTION = YES;
				GCC_WARN_UNUSED_VARIABLE = YES;
				IPHONEOS_DEPLOYMENT_TARGET = 17.0;
				LOCALIZATION_PREFERS_STRING_CATALOGS = YES;
				MTL_ENABLE_DEBUG_INFO = INCLUDE_SOURCE;
				MTL_FAST_MATH = YES;
				ONLY_ACTIVE_ARCH = YES;
				SDKROOT = iphoneos;
				SWIFT_ACTIVE_COMPILATION_CONDITIONS = "DEBUG $(inherited)";
				SWIFT_OPTIMIZATION_LEVEL = "-Onone";
			};
			name = Debug;
		};
		DE78D68B2AF9F99A0060DF3B /* Release */ = {
			isa = XCBuildConfiguration;
			buildSettings = {
				ALWAYS_SEARCH_USER_PATHS = NO;
				ASSETCATALOG_COMPILER_GENERATE_SWIFT_ASSET_SYMBOL_EXTENSIONS = YES;
				CLANG_ANALYZER_NONNULL = YES;
				CLANG_ANALYZER_NUMBER_OBJECT_CONVERSION = YES_AGGRESSIVE;
				CLANG_CXX_LANGUAGE_STANDARD = "gnu++20";
				CLANG_ENABLE_MODULES = YES;
				CLANG_ENABLE_OBJC_ARC = YES;
				CLANG_ENABLE_OBJC_WEAK = YES;
				CLANG_WARN_BLOCK_CAPTURE_AUTORELEASING = YES;
				CLANG_WARN_BOOL_CONVERSION = YES;
				CLANG_WARN_COMMA = YES;
				CLANG_WARN_CONSTANT_CONVERSION = YES;
				CLANG_WARN_DEPRECATED_OBJC_IMPLEMENTATIONS = YES;
				CLANG_WARN_DIRECT_OBJC_ISA_USAGE = YES_ERROR;
				CLANG_WARN_DOCUMENTATION_COMMENTS = YES;
				CLANG_WARN_EMPTY_BODY = YES;
				CLANG_WARN_ENUM_CONVERSION = YES;
				CLANG_WARN_INFINITE_RECURSION = YES;
				CLANG_WARN_INT_CONVERSION = YES;
				CLANG_WARN_NON_LITERAL_NULL_CONVERSION = YES;
				CLANG_WARN_OBJC_IMPLICIT_RETAIN_SELF = YES;
				CLANG_WARN_OBJC_LITERAL_CONVERSION = YES;
				CLANG_WARN_OBJC_ROOT_CLASS = YES_ERROR;
				CLANG_WARN_QUOTED_INCLUDE_IN_FRAMEWORK_HEADER = YES;
				CLANG_WARN_RANGE_LOOP_ANALYSIS = YES;
				CLANG_WARN_STRICT_PROTOTYPES = YES;
				CLANG_WARN_SUSPICIOUS_MOVE = YES;
				CLANG_WARN_UNGUARDED_AVAILABILITY = YES_AGGRESSIVE;
				CLANG_WARN_UNREACHABLE_CODE = YES;
				CLANG_WARN__DUPLICATE_METHOD_MATCH = YES;
				COPY_PHASE_STRIP = NO;
				DEBUG_INFORMATION_FORMAT = "dwarf-with-dsym";
				ENABLE_NS_ASSERTIONS = NO;
				ENABLE_STRICT_OBJC_MSGSEND = YES;
				ENABLE_USER_SCRIPT_SANDBOXING = YES;
				GCC_C_LANGUAGE_STANDARD = gnu17;
				GCC_NO_COMMON_BLOCKS = YES;
				GCC_WARN_64_TO_32_BIT_CONVERSION = YES;
				GCC_WARN_ABOUT_RETURN_TYPE = YES_ERROR;
				GCC_WARN_UNDECLARED_SELECTOR = YES;
				GCC_WARN_UNINITIALIZED_AUTOS = YES_AGGRESSIVE;
				GCC_WARN_UNUSED_FUNCTION = YES;
				GCC_WARN_UNUSED_VARIABLE = YES;
				IPHONEOS_DEPLOYMENT_TARGET = 17.0;
				LOCALIZATION_PREFERS_STRING_CATALOGS = YES;
				MTL_ENABLE_DEBUG_INFO = NO;
				MTL_FAST_MATH = YES;
				SDKROOT = iphoneos;
				SWIFT_COMPILATION_MODE = wholemodule;
				VALIDATE_PRODUCT = YES;
			};
			name = Release;
		};
		DE78D68D2AF9F99A0060DF3B /* Debug */ = {
			isa = XCBuildConfiguration;
			buildSettings = {
				ASSETCATALOG_COMPILER_APPICON_NAME = AppIcon;
				ASSETCATALOG_COMPILER_GLOBAL_ACCENT_COLOR_NAME = AccentColor;
				CODE_SIGN_STYLE = Automatic;
				CURRENT_PROJECT_VERSION = 1;
				DEVELOPMENT_TEAM = 94879TT8BU;
				GENERATE_INFOPLIST_FILE = YES;
				INFOPLIST_FILE = AppStoreProject/Info.plist;
				INFOPLIST_KEY_UIApplicationSupportsIndirectInputEvents = YES;
				INFOPLIST_KEY_UILaunchStoryboardName = LaunchScreen;
				INFOPLIST_KEY_UISupportedInterfaceOrientations_iPad = "UIInterfaceOrientationPortrait UIInterfaceOrientationPortraitUpsideDown UIInterfaceOrientationLandscapeLeft UIInterfaceOrientationLandscapeRight";
				INFOPLIST_KEY_UISupportedInterfaceOrientations_iPhone = "UIInterfaceOrientationPortrait UIInterfaceOrientationLandscapeLeft UIInterfaceOrientationLandscapeRight";
				LD_RUNPATH_SEARCH_PATHS = (
					"$(inherited)",
					"@executable_path/Frameworks",
				);
				MARKETING_VERSION = 1.0;
				PRODUCT_BUNDLE_IDENTIFIER = com.chaewon.AppStoreProject;
				PRODUCT_NAME = "$(TARGET_NAME)";
				SWIFT_EMIT_LOC_STRINGS = YES;
				SWIFT_VERSION = 5.0;
				TARGETED_DEVICE_FAMILY = "1,2";
			};
			name = Debug;
		};
		DE78D68E2AF9F99A0060DF3B /* Release */ = {
			isa = XCBuildConfiguration;
			buildSettings = {
				ASSETCATALOG_COMPILER_APPICON_NAME = AppIcon;
				ASSETCATALOG_COMPILER_GLOBAL_ACCENT_COLOR_NAME = AccentColor;
				CODE_SIGN_STYLE = Automatic;
				CURRENT_PROJECT_VERSION = 1;
				DEVELOPMENT_TEAM = 94879TT8BU;
				GENERATE_INFOPLIST_FILE = YES;
				INFOPLIST_FILE = AppStoreProject/Info.plist;
				INFOPLIST_KEY_UIApplicationSupportsIndirectInputEvents = YES;
				INFOPLIST_KEY_UILaunchStoryboardName = LaunchScreen;
				INFOPLIST_KEY_UISupportedInterfaceOrientations_iPad = "UIInterfaceOrientationPortrait UIInterfaceOrientationPortraitUpsideDown UIInterfaceOrientationLandscapeLeft UIInterfaceOrientationLandscapeRight";
				INFOPLIST_KEY_UISupportedInterfaceOrientations_iPhone = "UIInterfaceOrientationPortrait UIInterfaceOrientationLandscapeLeft UIInterfaceOrientationLandscapeRight";
				LD_RUNPATH_SEARCH_PATHS = (
					"$(inherited)",
					"@executable_path/Frameworks",
				);
				MARKETING_VERSION = 1.0;
				PRODUCT_BUNDLE_IDENTIFIER = com.chaewon.AppStoreProject;
				PRODUCT_NAME = "$(TARGET_NAME)";
				SWIFT_EMIT_LOC_STRINGS = YES;
				SWIFT_VERSION = 5.0;
				TARGETED_DEVICE_FAMILY = "1,2";
			};
			name = Release;
		};
/* End XCBuildConfiguration section */

/* Begin XCConfigurationList section */
		DE78D6732AF9F9990060DF3B /* Build configuration list for PBXProject "AppStoreProject" */ = {
			isa = XCConfigurationList;
			buildConfigurations = (
				DE78D68A2AF9F99A0060DF3B /* Debug */,
				DE78D68B2AF9F99A0060DF3B /* Release */,
			);
			defaultConfigurationIsVisible = 0;
			defaultConfigurationName = Release;
		};
		DE78D68C2AF9F99A0060DF3B /* Build configuration list for PBXNativeTarget "AppStoreProject" */ = {
			isa = XCConfigurationList;
			buildConfigurations = (
				DE78D68D2AF9F99A0060DF3B /* Debug */,
				DE78D68E2AF9F99A0060DF3B /* Release */,
			);
			defaultConfigurationIsVisible = 0;
			defaultConfigurationName = Release;
		};
/* End XCConfigurationList section */

/* Begin XCRemoteSwiftPackageReference section */
		DE78D6902AF9FAC80060DF3B /* XCRemoteSwiftPackageReference "RxSwift" */ = {
			isa = XCRemoteSwiftPackageReference;
			repositoryURL = "https://github.com/ReactiveX/RxSwift.git";
			requirement = {
				kind = upToNextMajorVersion;
				minimumVersion = 6.6.0;
			};
		};
		DE78D6952AF9FAF30060DF3B /* XCRemoteSwiftPackageReference "SnapKit" */ = {
			isa = XCRemoteSwiftPackageReference;
			repositoryURL = "https://github.com/SnapKit/SnapKit.git";
			requirement = {
				kind = upToNextMajorVersion;
				minimumVersion = 5.6.0;
			};
		};
/* End XCRemoteSwiftPackageReference section */

/* Begin XCSwiftPackageProductDependency section */
		DE78D6912AF9FAC80060DF3B /* RxCocoa */ = {
			isa = XCSwiftPackageProductDependency;
			package = DE78D6902AF9FAC80060DF3B /* XCRemoteSwiftPackageReference "RxSwift" */;
			productName = RxCocoa;
		};
		DE78D6932AF9FAC80060DF3B /* RxSwift */ = {
			isa = XCSwiftPackageProductDependency;
			package = DE78D6902AF9FAC80060DF3B /* XCRemoteSwiftPackageReference "RxSwift" */;
			productName = RxSwift;
		};
		DE78D6962AF9FAF30060DF3B /* SnapKit */ = {
			isa = XCSwiftPackageProductDependency;
			package = DE78D6952AF9FAF30060DF3B /* XCRemoteSwiftPackageReference "SnapKit" */;
			productName = SnapKit;
		};
/* End XCSwiftPackageProductDependency section */
	};
	rootObject = DE78D6702AF9F9990060DF3B /* Project object */;
}
